
Microsoft Visual Studio Solution File, Format Version 12.00
# Visual Studio Version 17
VisualStudioVersion = 17.3.32825.248
MinimumVisualStudioVersion = 10.0.40219.1
Project("{9A19103F-16F7-4668-BE54-9A1E7A4F7556}") = "DiceTest", "DiceTest\DiceTest.csproj", "{B38C573F-2E56-4695-8176-56542B2A84CA}"
EndProject
Global
	GlobalSection(SolutionConfigurationPlatforms) = preSolution
		Debug|Any CPU = Debug|Any CPU
		Release|Any CPU = Release|Any CPU
	EndGlobalSection
	GlobalSection(ProjectConfigurationPlatforms) = postSolution
		{B38C573F-2E56-4695-8176-56542B2A84CA}.Debug|Any CPU.ActiveCfg = Debug|Any CPU
		{B38C573F-2E56-4695-8176-56542B2A84CA}.Debug|Any CPU.Build.0 = Debug|Any CPU
		{B38C573F-2E56-4695-8176-56542B2A84CA}.Release|Any CPU.ActiveCfg = Release|Any CPU
		{B38C573F-2E56-4695-8176-56542B2A84CA}.Release|Any CPU.Build.0 = Release|Any CPU
	EndGlobalSection
	GlobalSection(SolutionProperties) = preSolution
		HideSolutionNode = FALSE
	EndGlobalSection
	GlobalSection(ExtensibilityGlobals) = postSolution
		SolutionGuid = {634BE804-751E-44CC-B297-C01749493D30}
	EndGlobalSection
EndGlobal
